// !$*UTF8*$!
{
	archiveVersion = 1;
	classes = {
	};
	objectVersion = 46;
	objects = {

/* Begin PBXBuildFile section */
		CCBC88AE1B6AE825002FBFF9 /* main.m in Sources */ = {isa = PBXBuildFile; fileRef = CCBC88AD1B6AE825002FBFF9 /* main.m */; };
		CCBC88B11B6AE825002FBFF9 /* AppDelegate.m in Sources */ = {isa = PBXBuildFile; fileRef = CCBC88B01B6AE825002FBFF9 /* AppDelegate.m */; };
		CCBC88B41B6AE825002FBFF9 /* ViewController.m in Sources */ = {isa = PBXBuildFile; fileRef = CCBC88B31B6AE825002FBFF9 /* ViewController.m */; };
		CCBC88B71B6AE825002FBFF9 /* Main.storyboard in Resources */ = {isa = PBXBuildFile; fileRef = CCBC88B51B6AE825002FBFF9 /* Main.storyboard */; };
		CCBC88B91B6AE825002FBFF9 /* Images.xcassets in Resources */ = {isa = PBXBuildFile; fileRef = CCBC88B81B6AE825002FBFF9 /* Images.xcassets */; };
		CCBC88BC1B6AE825002FBFF9 /* LaunchScreen.xib in Resources */ = {isa = PBXBuildFile; fileRef = CCBC88BA1B6AE825002FBFF9 /* LaunchScreen.xib */; };
		CCBC88C81B6AE825002FBFF9 /* AlgorhythmTests.m in Sources */ = {isa = PBXBuildFile; fileRef = CCBC88C71B6AE825002FBFF9 /* AlgorhythmTests.m */; };
/* End PBXBuildFile section */

/* Begin PBXContainerItemProxy section */
		CCBC88C21B6AE825002FBFF9 /* PBXContainerItemProxy */ = {
			isa = PBXContainerItemProxy;
			containerPortal = CCBC88A01B6AE825002FBFF9 /* Project object */;
			proxyType = 1;
			remoteGlobalIDString = CCBC88A71B6AE825002FBFF9;
			remoteInfo = Algorhythm;
		};
/* End PBXContainerItemProxy section */

/* Begin PBXFileReference section */
		CCBC88A81B6AE825002FBFF9 /* Algorhythm.app */ = {isa = PBXFileReference; explicitFileType = wrapper.application; includeInIndex = 0; path = Algorhythm.app; sourceTree = BUILT_PRODUCTS_DIR; };
		CCBC88AC1B6AE825002FBFF9 /* Info.plist */ = {isa = PBXFileReference; lastKnownFileType = text.plist.xml; path = Info.plist; sourceTree = "<group>"; };
		CCBC88AD1B6AE825002FBFF9 /* main.m */ = {isa = PBXFileReference; lastKnownFileType = sourcecode.c.objc; path = main.m; sourceTree = "<group>"; };
		CCBC88AF1B6AE825002FBFF9 /* AppDelegate.h */ = {isa = PBXFileReference; lastKnownFileType = sourcecode.c.h; path = AppDelegate.h; sourceTree = "<group>"; };
		CCBC88B01B6AE825002FBFF9 /* AppDelegate.m */ = {isa = PBXFileReference; lastKnownFileType = sourcecode.c.objc; path = AppDelegate.m; sourceTree = "<group>"; };
		CCBC88B21B6AE825002FBFF9 /* ViewController.h */ = {isa = PBXFileReference; lastKnownFileType = sourcecode.c.h; path = ViewController.h; sourceTree = "<group>"; };
		CCBC88B31B6AE825002FBFF9 /* ViewController.m */ = {isa = PBXFileReference; lastKnownFileType = sourcecode.c.objc; path = ViewController.m; sourceTree = "<group>"; };
		CCBC88B61B6AE825002FBFF9 /* Base */ = {isa = PBXFileReference; lastKnownFileType = file.storyboard; name = Base; path = Base.lproj/Main.storyboard; sourceTree = "<group>"; };
		CCBC88B81B6AE825002FBFF9 /* Images.xcassets */ = {isa = PBXFileReference; lastKnownFileType = folder.assetcatalog; path = Images.xcassets; sourceTree = "<group>"; };
		CCBC88BB1B6AE825002FBFF9 /* Base */ = {isa = PBXFileReference; lastKnownFileType = file.xib; name = Base; path = Base.lproj/LaunchScreen.xib; sourceTree = "<group>"; };
		CCBC88C11B6AE825002FBFF9 /* AlgorhythmTests.xctest */ = {isa = PBXFileReference; explicitFileType = wrapper.cfbundle; includeInIndex = 0; path = AlgorhythmTests.xctest; sourceTree = BUILT_PRODUCTS_DIR; };
		CCBC88C61B6AE825002FBFF9 /* Info.plist */ = {isa = PBXFileReference; lastKnownFileType = text.plist.xml; path = Info.plist; sourceTree = "<group>"; };
		CCBC88C71B6AE825002FBFF9 /* AlgorhythmTests.m */ = {isa = PBXFileReference; lastKnownFileType = sourcecode.c.objc; path = AlgorhythmTests.m; sourceTree = "<group>"; };
/* End PBXFileReference section */

/* Begin PBXFrameworksBuildPhase section */
		CCBC88A51B6AE825002FBFF9 /* Frameworks */ = {
			isa = PBXFrameworksBuildPhase;
			buildActionMask = 2147483647;
			files = (
			);
			runOnlyForDeploymentPostprocessing = 0;
		};
		CCBC88BE1B6AE825002FBFF9 /* Frameworks */ = {
			isa = PBXFrameworksBuildPhase;
			buildActionMask = 2147483647;
			files = (
			);
			runOnlyForDeploymentPostprocessing = 0;
		};
/* End PBXFrameworksBuildPhase section */

/* Begin PBXGroup section */
		CCBC889F1B6AE825002FBFF9 = {
			isa = PBXGroup;
			children = (
				CCBC88AA1B6AE825002FBFF9 /* Algorhythm */,
				CCBC88C41B6AE825002FBFF9 /* AlgorhythmTests */,
				CCBC88A91B6AE825002FBFF9 /* Products */,
			);
			sourceTree = "<group>";
		};
		CCBC88A91B6AE825002FBFF9 /* Products */ = {
			isa = PBXGroup;
			children = (
				CCBC88A81B6AE825002FBFF9 /* Algorhythm.app */,
				CCBC88C11B6AE825002FBFF9 /* AlgorhythmTests.xctest */,
			);
			name = Products;
			sourceTree = "<group>";
		};
		CCBC88AA1B6AE825002FBFF9 /* Algorhythm */ = {
			isa = PBXGroup;
			children = (
				CCBC88AF1B6AE825002FBFF9 /* AppDelegate.h */,
				CCBC88B01B6AE825002FBFF9 /* AppDelegate.m */,
				CCBC88B21B6AE825002FBFF9 /* ViewController.h */,
				CCBC88B31B6AE825002FBFF9 /* ViewController.m */,
				CCBC88B51B6AE825002FBFF9 /* Main.storyboard */,
				CCBC88B81B6AE825002FBFF9 /* Images.xcassets */,
				CCBC88BA1B6AE825002FBFF9 /* LaunchScreen.xib */,
				CCBC88AB1B6AE825002FBFF9 /* Supporting Files */,
			);
			path = Algorhythm;
			sourceTree = "<group>";
		};
		CCBC88AB1B6AE825002FBFF9 /* Supporting Files */ = {
			isa = PBXGroup;
			children = (
				CCBC88AC1B6AE825002FBFF9 /* Info.plist */,
				CCBC88AD1B6AE825002FBFF9 /* main.m */,
			);
			name = "Supporting Files";
			sourceTree = "<group>";
		};
		CCBC88C41B6AE825002FBFF9 /* AlgorhythmTests */ = {
			isa = PBXGroup;
			children = (
				CCBC88C71B6AE825002FBFF9 /* AlgorhythmTests.m */,
				CCBC88C51B6AE825002FBFF9 /* Supporting Files */,
			);
			path = AlgorhythmTests;
			sourceTree = "<group>";
		};
		CCBC88C51B6AE825002FBFF9 /* Supporting Files */ = {
			isa = PBXGroup;
			children = (
				CCBC88C61B6AE825002FBFF9 /* Info.plist */,
			);
			name = "Supporting Files";
			sourceTree = "<group>";
		};
/* End PBXGroup section */

/* Begin PBXNativeTarget section */
		CCBC88A71B6AE825002FBFF9 /* Algorhythm */ = {
			isa = PBXNativeTarget;
			buildConfigurationList = CCBC88CB1B6AE825002FBFF9 /* Build configuration list for PBXNativeTarget "Algorhythm" */;
			buildPhases = (
				CCBC88A41B6AE825002FBFF9 /* Sources */,
				CCBC88A51B6AE825002FBFF9 /* Frameworks */,
				CCBC88A61B6AE825002FBFF9 /* Resources */,
			);
			buildRules = (
			);
			dependencies = (
			);
			name = Algorhythm;
			productName = Algorhythm;
			productReference = CCBC88A81B6AE825002FBFF9 /* Algorhythm.app */;
			productType = "com.apple.product-type.application";
		};
		CCBC88C01B6AE825002FBFF9 /* AlgorhythmTests */ = {
			isa = PBXNativeTarget;
			buildConfigurationList = CCBC88CE1B6AE825002FBFF9 /* Build configuration list for PBXNativeTarget "AlgorhythmTests" */;
			buildPhases = (
				CCBC88BD1B6AE825002FBFF9 /* Sources */,
				CCBC88BE1B6AE825002FBFF9 /* Frameworks */,
				CCBC88BF1B6AE825002FBFF9 /* Resources */,
			);
			buildRules = (
			);
			dependencies = (
				CCBC88C31B6AE825002FBFF9 /* PBXTargetDependency */,
			);
			name = AlgorhythmTests;
			productName = AlgorhythmTests;
			productReference = CCBC88C11B6AE825002FBFF9 /* AlgorhythmTests.xctest */;
			productType = "com.apple.product-type.bundle.unit-test";
		};
/* End PBXNativeTarget section */

/* Begin PBXProject section */
		CCBC88A01B6AE825002FBFF9 /* Project object */ = {
			isa = PBXProject;
			attributes = {
				LastUpgradeCheck = 0640;
				ORGANIZATIONNAME = tfrth;
				TargetAttributes = {
					CCBC88A71B6AE825002FBFF9 = {
						CreatedOnToolsVersion = 6.4;
					};
					CCBC88C01B6AE825002FBFF9 = {
						CreatedOnToolsVersion = 6.4;
						TestTargetID = CCBC88A71B6AE825002FBFF9;
					};
				};
			};
			buildConfigurationList = CCBC88A31B6AE825002FBFF9 /* Build configuration list for PBXProject "Algorhythm" */;
			compatibilityVersion = "Xcode 3.2";
			developmentRegion = English;
			hasScannedForEncodings = 0;
			knownRegions = (
				en,
				Base,
			);
			mainGroup = CCBC889F1B6AE825002FBFF9;
			productRefGroup = CCBC88A91B6AE825002FBFF9 /* Products */;
			projectDirPath = "";
			projectRoot = "";
			targets = (
				CCBC88A71B6AE825002FBFF9 /* Algorhythm */,
				CCBC88C01B6AE825002FBFF9 /* AlgorhythmTests */,
			);
		};
/* End PBXProject section */

/* Begin PBXResourcesBuildPhase section */
		CCBC88A61B6AE825002FBFF9 /* Resources */ = {
			isa = PBXResourcesBuildPhase;
			buildActionMask = 2147483647;
			files = (
				CCBC88B71B6AE825002FBFF9 /* Main.storyboard in Resources */,
				CCBC88BC1B6AE825002FBFF9 /* LaunchScreen.xib in Resources */,
				CCBC88B91B6AE825002FBFF9 /* Images.xcassets in Resources */,
			);
			runOnlyForDeploymentPostprocessing = 0;
		};
		CCBC88BF1B6AE825002FBFF9 /* Resources */ = {
			isa = PBXResourcesBuildPhase;
			buildActionMask = 2147483647;
			files = (
			);
			runOnlyForDeploymentPostprocessing = 0;
		};
/* End PBXResourcesBuildPhase section */

/* Begin PBXSourcesBuildPhase section */
		CCBC88A41B6AE825002FBFF9 /* Sources */ = {
			isa = PBXSourcesBuildPhase;
			buildActionMask = 2147483647;
			files = (
				CCBC88B41B6AE825002FBFF9 /* ViewController.m in Sources */,
				CCBC88B11B6AE825002FBFF9 /* AppDelegate.m in Sources */,
				CCBC88AE1B6AE825002FBFF9 /* main.m in Sources */,
			);
			runOnlyForDeploymentPostprocessing = 0;
		};
		CCBC88BD1B6AE825002FBFF9 /* Sources */ = {
			isa = PBXSourcesBuildPhase;
			buildActionMask = 2147483647;
			files = (
				CCBC88C81B6AE825002FBFF9 /* AlgorhythmTests.m in Sources */,
			);
			runOnlyForDeploymentPostprocessing = 0;
		};
/* End PBXSourcesBuildPhase section */

/* Begin PBXTargetDependency section */
		CCBC88C31B6AE825002FBFF9 /* PBXTargetDependency */ = {
			isa = PBXTargetDependency;
			target = CCBC88A71B6AE825002FBFF9 /* Algorhythm */;
			targetProxy = CCBC88C21B6AE825002FBFF9 /* PBXContainerItemProxy */;
		};
/* End PBXTargetDependency section */

/* Begin PBXVariantGroup section */
		CCBC88B51B6AE825002FBFF9 /* Main.storyboard */ = {
			isa = PBXVariantGroup;
			children = (
				CCBC88B61B6AE825002FBFF9 /* Base */,
			);
			name = Main.storyboard;
			sourceTree = "<group>";
		};
		CCBC88BA1B6AE825002FBFF9 /* LaunchScreen.xib */ = {
			isa = PBXVariantGroup;
			children = (
				CCBC88BB1B6AE825002FBFF9 /* Base */,
			);
			name = LaunchScreen.xib;
			sourceTree = "<group>";
		};
/* End PBXVariantGroup section */

/* Begin XCBuildConfiguration section */
		CCBC88C91B6AE825002FBFF9 /* Debug */ = {
			isa = XCBuildConfiguration;
			buildSettings = {
				ALWAYS_SEARCH_USER_PATHS = NO;
				CLANG_CXX_LANGUAGE_STANDARD = "gnu++0x";
				CLANG_CXX_LIBRARY = "libc++";
				CLANG_ENABLE_MODULES = YES;
				CLANG_ENABLE_OBJC_ARC = YES;
				CLANG_WARN_BOOL_CONVERSION = YES;
				CLANG_WARN_CONSTANT_CONVERSION = YES;
				CLANG_WARN_DIRECT_OBJC_ISA_USAGE = YES_ERROR;
				CLANG_WARN_EMPTY_BODY = YES;
				CLANG_WARN_ENUM_CONVERSION = YES;
				CLANG_WARN_INT_CONVERSION = YES;
				CLANG_WARN_OBJC_ROOT_CLASS = YES_ERROR;
				CLANG_WARN_UNREACHABLE_CODE = YES;
				CLANG_WARN__DUPLICATE_METHOD_MATCH = YES;
				"CODE_SIGN_IDENTITY[sdk=iphoneos*]" = "iPhone Developer";
				COPY_PHASE_STRIP = NO;
				DEBUG_INFORMATION_FORMAT = "dwarf-with-dsym";
				ENABLE_STRICT_OBJC_MSGSEND = YES;
				GCC_C_LANGUAGE_STANDARD = gnu99;
				GCC_DYNAMIC_NO_PIC = NO;
				GCC_NO_COMMON_BLOCKS = YES;
				GCC_OPTIMIZATION_LEVEL = 0;
				GCC_PREPROCESSOR_DEFINITIONS = (
					"DEBUG=1",
					"$(inherited)",
				);
				GCC_SYMBOLS_PRIVATE_EXTERN = NO;
				GCC_WARN_64_TO_32_BIT_CONVERSION = YES;
				GCC_WARN_ABOUT_RETURN_TYPE = YES_ERROR;
				GCC_WARN_UNDECLARED_SELECTOR = YES;
				GCC_WARN_UNINITIALIZED_AUTOS = YES_AGGRESSIVE;
				GCC_WARN_UNUSED_FUNCTION = YES;
				GCC_WARN_UNUSED_VARIABLE = YES;
				IPHONEOS_DEPLOYMENT_TARGET = 8.4;
				MTL_ENABLE_DEBUG_INFO = YES;
				ONLY_ACTIVE_ARCH = YES;
				SDKROOT = iphoneos;
			};
			name = Debug;
		};
		CCBC88CA1B6AE825002FBFF9 /* Release */ = {
			isa = XCBuildConfiguration;
			buildSettings = {
				ALWAYS_SEARCH_USER_PATHS = NO;
				CLANG_CXX_LANGUAGE_STANDARD = "gnu++0x";
				CLANG_CXX_LIBRARY = "libc++";
				CLANG_ENABLE_MODULES = YES;
				CLANG_ENABLE_OBJC_ARC = YES;
				CLANG_WARN_BOOL_CONVERSION = YES;
				CLANG_WARN_CONSTANT_CONVERSION = YES;
				CLANG_WARN_DIRECT_OBJC_ISA_USAGE = YES_ERROR;
				CLANG_WARN_EMPTY_BODY = YES;
				CLANG_WARN_ENUM_CONVERSION = YES;
				CLANG_WARN_INT_CONVERSION = YES;
				CLANG_WARN_OBJC_ROOT_CLASS = YES_ERROR;
				CLANG_WARN_UNREACHABLE_CODE = YES;
				CLANG_WARN__DUPLICATE_METHOD_MATCH = YES;
				"CODE_SIGN_IDENTITY[sdk=iphoneos*]" = "iPhone Developer";
				COPY_PHASE_STRIP = NO;
				DEBUG_INFORMATION_FORMAT = "dwarf-with-dsym";
				ENABLE_NS_ASSERTIONS = NO;
				ENABLE_STRICT_OBJC_MSGSEND = YES;
				GCC_C_LANGUAGE_STANDARD = gnu99;
				GCC_NO_COMMON_BLOCKS = YES;
				GCC_WARN_64_TO_32_BIT_CONVERSION = YES;
				GCC_WARN_ABOUT_RETURN_TYPE = YES_ERROR;
				GCC_WARN_UNDECLARED_SELECTOR = YES;
				GCC_WARN_UNINITIALIZED_AUTOS = YES_AGGRESSIVE;
				GCC_WARN_UNUSED_FUNCTION = YES;
				GCC_WARN_UNUSED_VARIABLE = YES;
				IPHONEOS_DEPLOYMENT_TARGET = 8.4;
				MTL_ENABLE_DEBUG_INFO = NO;
				SDKROOT = iphoneos;
				VALIDATE_PRODUCT = YES;
			};
			name = Release;
		};
		CCBC88CC1B6AE825002FBFF9 /* Debug */ = {
			isa = XCBuildConfiguration;
			buildSettings = {
				ASSETCATALOG_COMPILER_APPICON_NAME = AppIcon;
				INFOPLIST_FILE = Algorhythm/Info.plist;
				LD_RUNPATH_SEARCH_PATHS = "$(inherited) @executable_path/Frameworks";
				PRODUCT_NAME = "$(TARGET_NAME)";
			};
			name = Debug;
		};
		CCBC88CD1B6AE825002FBFF9 /* Release */ = {
			isa = XCBuildConfiguration;
			buildSettings = {
				ASSETCATALOG_COMPILER_APPICON_NAME = AppIcon;
				INFOPLIST_FILE = Algorhythm/Info.plist;
				LD_RUNPATH_SEARCH_PATHS = "$(inherited) @executable_path/Frameworks";
				PRODUCT_NAME = "$(TARGET_NAME)";
			};
			name = Release;
		};
		CCBC88CF1B6AE825002FBFF9 /* Debug */ = {
			isa = XCBuildConfiguration;
			buildSettings = {
				BUNDLE_LOADER = "$(TEST_HOST)";
				FRAMEWORK_SEARCH_PATHS = (
					"$(SDKROOT)/Developer/Library/Frameworks",
					"$(inherited)",
				);
				GCC_PREPROCESSOR_DEFINITIONS = (
					"DEBUG=1",
					"$(inherited)",
				);
				INFOPLIST_FILE = AlgorhythmTests/Info.plist;
				LD_RUNPATH_SEARCH_PATHS = "$(inherited) @executable_path/Frameworks @loader_path/Frameworks";
				PRODUCT_NAME = "$(TARGET_NAME)";
				TEST_HOST = "$(BUILT_PRODUCTS_DIR)/Algorhythm.app/Algorhythm";
			};
			name = Debug;
		};
		CCBC88D01B6AE825002FBFF9 /* Release */ = {
			isa = XCBuildConfiguration;
			buildSettings = {
				BUNDLE_LOADER = "$(TEST_HOST)";
				FRAMEWORK_SEARCH_PATHS = (
					"$(SDKROOT)/Developer/Library/Frameworks",
					"$(inherited)",
				);
				INFOPLIST_FILE = AlgorhythmTests/Info.plist;
				LD_RUNPATH_SEARCH_PATHS = "$(inherited) @executable_path/Frameworks @loader_path/Frameworks";
				PRODUCT_NAME = "$(TARGET_NAME)";
				TEST_HOST = "$(BUILT_PRODUCTS_DIR)/Algorhythm.app/Algorhythm";
			};
			name = Release;
		};
/* End XCBuildConfiguration section */

/* Begin XCConfigurationList section */
		CCBC88A31B6AE825002FBFF9 /* Build configuration list for PBXProject "Algorhythm" */ = {
			isa = XCConfigurationList;
			buildConfigurations = (
				CCBC88C91B6AE825002FBFF9 /* Debug */,
				CCBC88CA1B6AE825002FBFF9 /* Release */,
			);
			defaultConfigurationIsVisible = 0;
			defaultConfigurationName = Release;
		};
		CCBC88CB1B6AE825002FBFF9 /* Build configuration list for PBXNativeTarget "Algorhythm" */ = {
			isa = XCConfigurationList;
			buildConfigurations = (
				CCBC88CC1B6AE825002FBFF9 /* Debug */,
				CCBC88CD1B6AE825002FBFF9 /* Release */,
			);
			defaultConfigurationIsVisible = 0;
		};
		CCBC88CE1B6AE825002FBFF9 /* Build configuration list for PBXNativeTarget "AlgorhythmTests" */ = {
			isa = XCConfigurationList;
			buildConfigurations = (
				CCBC88CF1B6AE825002FBFF9 /* Debug */,
				CCBC88D01B6AE825002FBFF9 /* Release */,
			);
			defaultConfigurationIsVisible = 0;
		};
/* End XCConfigurationList section */
	};
	rootObject = CCBC88A01B6AE825002FBFF9 /* Project object */;
}
